# THIS IS AN AUTOGENERATED FILE. DO NOT EDIT THIS FILE DIRECTLY.
# yarn lockfile v1


"@antv/g2-plugin-slider@^2.1.1":
  version "2.1.1"
  resolved "https://registry.yarnpkg.com/@antv/g2-plugin-slider/-/g2-plugin-slider-2.1.1.tgz#c20c5f1cf085bea478f8ab1fc84837e45c46a065"
  integrity sha512-nB678VEGG3FkrvkDDFADAKjLQIeXzITEYqey5oeOpbf0vT5jOa55lQDyJDZ79cK8PmU/Hz6VPeSb3CNQBA+/FQ==

jquery@^3.4.1:
  version "3.4.1"
  resolved "https://registry.yarnpkg.com/jquery/-/jquery-3.4.1.tgz#714f1f8d9dde4bdfa55764ba37ef214630d80ef2"
  integrity sha512-36+AdBzCL+y6qjw5Tx7HgzeGCzC81MDDgaUP8ld2zhx58HdqXGoBd+tHdrBMiyjGQs0Hxs/MLZTu/eHNJJuWPw==
