# THIS IS AN AUTOGENERATED FILE. DO NOT EDIT THIS FILE DIRECTLY.
# yarn lockfile v1


"@antv/g2-plugin-slider@^2.1.1":
  version "2.1.1"
  resolved "https://registry.yarnpkg.com/@antv/g2-plugin-slider/-/g2-plugin-slider-2.1.1.tgz#c20c5f1cf085bea478f8ab1fc84837e45c46a065"
  integrity sha512-nB678VEGG3FkrvkDDFADAKjLQIeXzITEYqey5oeOpbf0vT5jOa55lQDyJDZ79cK8PmU/Hz6VPeSb3CNQBA+/FQ==
